
Microsoft Visual Studio Solution File, Format Version 12.00
# Visual Studio Version 17
VisualStudioVersion = 17.3.32811.315
MinimumVisualStudioVersion = 10.0.40219.1
Project("{FAE04EC0-301F-11D3-BF4B-00C04F79EFBC}") = "LocalBussinessTestWebAPI", "LocalBussinessTestWebAPI\LocalBussinessTestWebAPI.csproj", "{03CFB44A-4A47-4BCD-9577-A8F2EF94EF3D}"
EndProject
Global
	GlobalSection(SolutionConfigurationPlatforms) = preSolution
		Debug|Any CPU = Debug|Any CPU
		Release|Any CPU = Release|Any CPU
	EndGlobalSection
	GlobalSection(ProjectConfigurationPlatforms) = postSolution
		{03CFB44A-4A47-4BCD-9577-A8F2EF94EF3D}.Debug|Any CPU.ActiveCfg = Debug|Any CPU
		{03CFB44A-4A47-4BCD-9577-A8F2EF94EF3D}.Debug|Any CPU.Build.0 = Debug|Any CPU
		{03CFB44A-4A47-4BCD-9577-A8F2EF94EF3D}.Release|Any CPU.ActiveCfg = Release|Any CPU
		{03CFB44A-4A47-4BCD-9577-A8F2EF94EF3D}.Release|Any CPU.Build.0 = Release|Any CPU
	EndGlobalSection
	GlobalSection(SolutionProperties) = preSolution
		HideSolutionNode = FALSE
	EndGlobalSection
	GlobalSection(ExtensibilityGlobals) = postSolution
		SolutionGuid = {74F1E5D9-D7FB-4848-941D-9E7E1927153E}
	EndGlobalSection
EndGlobal
