
Microsoft Visual Studio Solution File, Format Version 12.00
# Visual Studio Version 17
VisualStudioVersion = 17.3.32811.315
MinimumVisualStudioVersion = 10.0.40219.1
Project("{FAE04EC0-301F-11D3-BF4B-00C04F79EFBC}") = "WebAPI", "WebAPI\WebAPI.csproj", "{EDE9FE16-8801-42B5-A6A5-9F06D7F7E68D}"
EndProject
Global
	GlobalSection(SolutionConfigurationPlatforms) = preSolution
		Debug|Any CPU = Debug|Any CPU
		Release|Any CPU = Release|Any CPU
	EndGlobalSection
	GlobalSection(ProjectConfigurationPlatforms) = postSolution
		{EDE9FE16-8801-42B5-A6A5-9F06D7F7E68D}.Debug|Any CPU.ActiveCfg = Debug|Any CPU
		{EDE9FE16-8801-42B5-A6A5-9F06D7F7E68D}.Debug|Any CPU.Build.0 = Debug|Any CPU
		{EDE9FE16-8801-42B5-A6A5-9F06D7F7E68D}.Release|Any CPU.ActiveCfg = Release|Any CPU
		{EDE9FE16-8801-42B5-A6A5-9F06D7F7E68D}.Release|Any CPU.Build.0 = Release|Any CPU
	EndGlobalSection
	GlobalSection(SolutionProperties) = preSolution
		HideSolutionNode = FALSE
	EndGlobalSection
	GlobalSection(ExtensibilityGlobals) = postSolution
		SolutionGuid = {1D0A2A2C-84B3-4919-A5DF-5E24717F0447}
	EndGlobalSection
EndGlobal
