
Microsoft Visual Studio Solution File, Format Version 12.00
# Visual Studio Version 17
VisualStudioVersion = 17.3.32811.315
MinimumVisualStudioVersion = 10.0.40219.1
Project("{FAE04EC0-301F-11D3-BF4B-00C04F79EFBC}") = "localBusinessNewWebAPI", "localBusinessNewWebAPI\localBusinessNewWebAPI.csproj", "{6CBDF3DD-89C2-4E56-9DAF-2D99F7007F7D}"
EndProject
Global
	GlobalSection(SolutionConfigurationPlatforms) = preSolution
		Debug|Any CPU = Debug|Any CPU
		Release|Any CPU = Release|Any CPU
	EndGlobalSection
	GlobalSection(ProjectConfigurationPlatforms) = postSolution
		{6CBDF3DD-89C2-4E56-9DAF-2D99F7007F7D}.Debug|Any CPU.ActiveCfg = Debug|Any CPU
		{6CBDF3DD-89C2-4E56-9DAF-2D99F7007F7D}.Debug|Any CPU.Build.0 = Debug|Any CPU
		{6CBDF3DD-89C2-4E56-9DAF-2D99F7007F7D}.Release|Any CPU.ActiveCfg = Release|Any CPU
		{6CBDF3DD-89C2-4E56-9DAF-2D99F7007F7D}.Release|Any CPU.Build.0 = Release|Any CPU
	EndGlobalSection
	GlobalSection(SolutionProperties) = preSolution
		HideSolutionNode = FALSE
	EndGlobalSection
	GlobalSection(ExtensibilityGlobals) = postSolution
		SolutionGuid = {DFFFD7D4-FCEB-4673-8C97-3F71356CE3B4}
	EndGlobalSection
EndGlobal
