
Microsoft Visual Studio Solution File, Format Version 12.00
# Visual Studio Version 17
VisualStudioVersion = 17.3.32811.315
MinimumVisualStudioVersion = 10.0.40219.1
Project("{FAE04EC0-301F-11D3-BF4B-00C04F79EFBC}") = "localdemoclient", "localdemoclient\localdemoclient.csproj", "{61574049-4926-4382-AE76-74E041E5995D}"
EndProject
Global
	GlobalSection(SolutionConfigurationPlatforms) = preSolution
		Debug|Any CPU = Debug|Any CPU
		Release|Any CPU = Release|Any CPU
	EndGlobalSection
	GlobalSection(ProjectConfigurationPlatforms) = postSolution
		{61574049-4926-4382-AE76-74E041E5995D}.Debug|Any CPU.ActiveCfg = Debug|Any CPU
		{61574049-4926-4382-AE76-74E041E5995D}.Debug|Any CPU.Build.0 = Debug|Any CPU
		{61574049-4926-4382-AE76-74E041E5995D}.Release|Any CPU.ActiveCfg = Release|Any CPU
		{61574049-4926-4382-AE76-74E041E5995D}.Release|Any CPU.Build.0 = Release|Any CPU
	EndGlobalSection
	GlobalSection(SolutionProperties) = preSolution
		HideSolutionNode = FALSE
	EndGlobalSection
	GlobalSection(ExtensibilityGlobals) = postSolution
		SolutionGuid = {695A7528-F90F-4C05-BF0D-AAD814FC7E9E}
	EndGlobalSection
EndGlobal
